
Microsoft Visual Studio Solution File, Format Version 12.00
# Visual Studio Version 17
VisualStudioVersion = 17.3.32922.545
MinimumVisualStudioVersion = 10.0.40219.1
Project("{FAE04EC0-301F-11D3-BF4B-00C04F79EFBC}") = "HW1", "HW1\HW1.csproj", "{9C3B872A-EFAF-40CB-B74B-A66655750DFD}"
EndProject
Global
	GlobalSection(SolutionConfigurationPlatforms) = preSolution
		Debug|Any CPU = Debug|Any CPU
		Release|Any CPU = Release|Any CPU
	EndGlobalSection
	GlobalSection(ProjectConfigurationPlatforms) = postSolution
		{9C3B872A-EFAF-40CB-B74B-A66655750DFD}.Debug|Any CPU.ActiveCfg = Debug|Any CPU
		{9C3B872A-EFAF-40CB-B74B-A66655750DFD}.Debug|Any CPU.Build.0 = Debug|Any CPU
		{9C3B872A-EFAF-40CB-B74B-A66655750DFD}.Release|Any CPU.ActiveCfg = Release|Any CPU
		{9C3B872A-EFAF-40CB-B74B-A66655750DFD}.Release|Any CPU.Build.0 = Release|Any CPU
	EndGlobalSection
	GlobalSection(SolutionProperties) = preSolution
		HideSolutionNode = FALSE
	EndGlobalSection
	GlobalSection(ExtensibilityGlobals) = postSolution
		SolutionGuid = {725375DF-1F14-46B4-8D91-180C64110CFC}
	EndGlobalSection
EndGlobal
